github.com/fako1024/effuncert v1.0.4 h1:M6Gzm4rD7s+EZK2JreE8wcU7rGk/v4w96Rqka4vK1VM=
github.com/fako1024/effuncert v1.0.4/go.mod h1:fkiIOe8wwUJ0+IhlLoDS+KPPMXzKr7SXWYYTB4nic0Q=
github.com/fako1024/numerics v1.0.2 h1:0oOQH05I+KVZAxMYaEDhZUdKv/1xt6qA97C5i/9fACc=
github.com/fako1024/numerics v1.0.2/go.mod h1:iShkj2eVQ2SjDMAa/+dRae8vs08hLMMYRo42vE903Zs=
